
Microsoft Visual Studio Solution File, Format Version 12.00
# Visual Studio Version 16
VisualStudioVersion = 16.0.31729.503
MinimumVisualStudioVersion = 10.0.40219.1
Project("{FAE04EC0-301F-11D3-BF4B-00C04F79EFBC}") = "DemoRazorWebApp", "DemoRazorWebApp\DemoRazorWebApp.csproj", "{A560FA32-7C80-4785-A370-43AFA25E8080}"
EndProject
Global
	GlobalSection(SolutionConfigurationPlatforms) = preSolution
		Debug|Any CPU = Debug|Any CPU
		Release|Any CPU = Release|Any CPU
	EndGlobalSection
	GlobalSection(ProjectConfigurationPlatforms) = postSolution
		{A560FA32-7C80-4785-A370-43AFA25E8080}.Debug|Any CPU.ActiveCfg = Debug|Any CPU
		{A560FA32-7C80-4785-A370-43AFA25E8080}.Debug|Any CPU.Build.0 = Debug|Any CPU
		{A560FA32-7C80-4785-A370-43AFA25E8080}.Release|Any CPU.ActiveCfg = Release|Any CPU
		{A560FA32-7C80-4785-A370-43AFA25E8080}.Release|Any CPU.Build.0 = Release|Any CPU
	EndGlobalSection
	GlobalSection(SolutionProperties) = preSolution
		HideSolutionNode = FALSE
	EndGlobalSection
	GlobalSection(ExtensibilityGlobals) = postSolution
		SolutionGuid = {03C76D3C-50B9-4A04-A699-2BFE06B62545}
	EndGlobalSection
EndGlobal
